
Microsoft Visual Studio Solution File, Format Version 12.00
# Visual Studio Version 16
VisualStudioVersion = 16.0.31229.75
MinimumVisualStudioVersion = 10.0.40219.1
Project("{FAE04EC0-301F-11D3-BF4B-00C04F79EFBC}") = "FinalProject", "FinalProject.csproj", "{1210769D-6FCE-47DA-A259-3A3757B1A4DC}"
EndProject
Global
	GlobalSection(SolutionConfigurationPlatforms) = preSolution
		Debug|Any CPU = Debug|Any CPU
		Release|Any CPU = Release|Any CPU
	EndGlobalSection
	GlobalSection(ProjectConfigurationPlatforms) = postSolution
		{1210769D-6FCE-47DA-A259-3A3757B1A4DC}.Debug|Any CPU.ActiveCfg = Debug|Any CPU
		{1210769D-6FCE-47DA-A259-3A3757B1A4DC}.Debug|Any CPU.Build.0 = Debug|Any CPU
		{1210769D-6FCE-47DA-A259-3A3757B1A4DC}.Release|Any CPU.ActiveCfg = Release|Any CPU
		{1210769D-6FCE-47DA-A259-3A3757B1A4DC}.Release|Any CPU.Build.0 = Release|Any CPU
	EndGlobalSection
	GlobalSection(SolutionProperties) = preSolution
		HideSolutionNode = FALSE
	EndGlobalSection
	GlobalSection(ExtensibilityGlobals) = postSolution
		SolutionGuid = {FB0A33A7-2F4E-4735-9372-BE99F1A592A4}
	EndGlobalSection
EndGlobal
